
Microsoft Visual Studio Solution File, Format Version 12.00
# Visual Studio Version 17
VisualStudioVersion = 17.9.34622.214
MinimumVisualStudioVersion = 10.0.40219.1
Project("{9A19103F-16F7-4668-BE54-9A1E7A4F7556}") = "Mamba", "Mamba\Mamba.csproj", "{C5A3A10A-EC11-4346-A9A8-8F62A103F0BF}"
EndProject
Project("{FAE04EC0-301F-11D3-BF4B-00C04F79EFBC}") = "Mamba_Core", "Mamba_Core\Mamba_Core.csproj", "{178FA550-C6A7-45F6-B7CF-D87B4ED67C21}"
EndProject
Project("{FAE04EC0-301F-11D3-BF4B-00C04F79EFBC}") = "Mamba_Data", "Mamba_Data\Mamba_Data.csproj", "{B308D70D-87C1-41FC-9618-B5787FF77EA9}"
EndProject
Project("{FAE04EC0-301F-11D3-BF4B-00C04F79EFBC}") = "Mamba_Business", "Mamba_Business\Mamba_Business.csproj", "{2E682FCC-45D0-4C8C-9BD9-F58ED17E0EB8}"
EndProject
Global
	GlobalSection(SolutionConfigurationPlatforms) = preSolution
		Debug|Any CPU = Debug|Any CPU
		Release|Any CPU = Release|Any CPU
	EndGlobalSection
	GlobalSection(ProjectConfigurationPlatforms) = postSolution
		{C5A3A10A-EC11-4346-A9A8-8F62A103F0BF}.Debug|Any CPU.ActiveCfg = Debug|Any CPU
		{C5A3A10A-EC11-4346-A9A8-8F62A103F0BF}.Debug|Any CPU.Build.0 = Debug|Any CPU
		{C5A3A10A-EC11-4346-A9A8-8F62A103F0BF}.Release|Any CPU.ActiveCfg = Release|Any CPU
		{C5A3A10A-EC11-4346-A9A8-8F62A103F0BF}.Release|Any CPU.Build.0 = Release|Any CPU
		{178FA550-C6A7-45F6-B7CF-D87B4ED67C21}.Debug|Any CPU.ActiveCfg = Debug|Any CPU
		{178FA550-C6A7-45F6-B7CF-D87B4ED67C21}.Debug|Any CPU.Build.0 = Debug|Any CPU
		{178FA550-C6A7-45F6-B7CF-D87B4ED67C21}.Release|Any CPU.ActiveCfg = Release|Any CPU
		{178FA550-C6A7-45F6-B7CF-D87B4ED67C21}.Release|Any CPU.Build.0 = Release|Any CPU
		{B308D70D-87C1-41FC-9618-B5787FF77EA9}.Debug|Any CPU.ActiveCfg = Debug|Any CPU
		{B308D70D-87C1-41FC-9618-B5787FF77EA9}.Debug|Any CPU.Build.0 = Debug|Any CPU
		{B308D70D-87C1-41FC-9618-B5787FF77EA9}.Release|Any CPU.ActiveCfg = Release|Any CPU
		{B308D70D-87C1-41FC-9618-B5787FF77EA9}.Release|Any CPU.Build.0 = Release|Any CPU
		{2E682FCC-45D0-4C8C-9BD9-F58ED17E0EB8}.Debug|Any CPU.ActiveCfg = Debug|Any CPU
		{2E682FCC-45D0-4C8C-9BD9-F58ED17E0EB8}.Debug|Any CPU.Build.0 = Debug|Any CPU
		{2E682FCC-45D0-4C8C-9BD9-F58ED17E0EB8}.Release|Any CPU.ActiveCfg = Release|Any CPU
		{2E682FCC-45D0-4C8C-9BD9-F58ED17E0EB8}.Release|Any CPU.Build.0 = Release|Any CPU
	EndGlobalSection
	GlobalSection(SolutionProperties) = preSolution
		HideSolutionNode = FALSE
	EndGlobalSection
	GlobalSection(ExtensibilityGlobals) = postSolution
		SolutionGuid = {AD21A0FE-2F76-4933-89D4-FD377C40D017}
	EndGlobalSection
EndGlobal
